
Microsoft Visual Studio Solution File, Format Version 12.00
# Visual Studio Version 17
VisualStudioVersion = 17.0.32014.148
MinimumVisualStudioVersion = 10.0.40219.1
Project("{FAE04EC0-301F-11D3-BF4B-00C04F79EFBC}") = "saf 2 stack", "saf 2 stack\saf 2 stack.csproj", "{C98A990C-8157-46A6-88C1-78CBBABC9817}"
EndProject
Global
	GlobalSection(SolutionConfigurationPlatforms) = preSolution
		Debug|Any CPU = Debug|Any CPU
		Release|Any CPU = Release|Any CPU
	EndGlobalSection
	GlobalSection(ProjectConfigurationPlatforms) = postSolution
		{C98A990C-8157-46A6-88C1-78CBBABC9817}.Debug|Any CPU.ActiveCfg = Debug|Any CPU
		{C98A990C-8157-46A6-88C1-78CBBABC9817}.Debug|Any CPU.Build.0 = Debug|Any CPU
		{C98A990C-8157-46A6-88C1-78CBBABC9817}.Release|Any CPU.ActiveCfg = Release|Any CPU
		{C98A990C-8157-46A6-88C1-78CBBABC9817}.Release|Any CPU.Build.0 = Release|Any CPU
	EndGlobalSection
	GlobalSection(SolutionProperties) = preSolution
		HideSolutionNode = FALSE
	EndGlobalSection
	GlobalSection(ExtensibilityGlobals) = postSolution
		SolutionGuid = {5C984EC5-F4CE-4B7C-9407-57D010686D68}
	EndGlobalSection
EndGlobal
